// !$*UTF8*$!
{
	archiveVersion = 1;
	classes = {
	};
	objectVersion = 46;
	objects = {

/* Begin PBXBuildFile section */
		22324BD81BA57CD000D278A9 /* AppDelegate.m in Sources */ = {isa = PBXBuildFile; fileRef = 22324BCD1BA57CD000D278A9 /* AppDelegate.m */; };
		22324BD91BA57CD000D278A9 /* CategoryViewController.m in Sources */ = {isa = PBXBuildFile; fileRef = 22324BCF1BA57CD000D278A9 /* CategoryViewController.m */; };
		22324BDB1BA57CD000D278A9 /* InstrumentCategory.m in Sources */ = {isa = PBXBuildFile; fileRef = 22324BD31BA57CD000D278A9 /* InstrumentCategory.m */; };
		22324BDC1BA57CD000D278A9 /* StackNavigationController.m in Sources */ = {isa = PBXBuildFile; fileRef = 22324BD51BA57CD000D278A9 /* StackNavigationController.m */; };
		22324BDD1BA57CD000D278A9 /* UIViewController+StackNavigationController.m in Sources */ = {isa = PBXBuildFile; fileRef = 22324BD71BA57CD000D278A9 /* UIViewController+StackNavigationController.m */; };
		225774E81BA57C1900F8DE72 /* main.m in Sources */ = {isa = PBXBuildFile; fileRef = 225774E71BA57C1900F8DE72 /* main.m */; };
		225774F31BA57C1900F8DE72 /* Images.xcassets in Resources */ = {isa = PBXBuildFile; fileRef = 225774F21BA57C1900F8DE72 /* Images.xcassets */; };
		225774F61BA57C1900F8DE72 /* LaunchScreen.xib in Resources */ = {isa = PBXBuildFile; fileRef = 225774F41BA57C1900F8DE72 /* LaunchScreen.xib */; };
		225775021BA57C1900F8DE72 /* CategoryNavigationTests.m in Sources */ = {isa = PBXBuildFile; fileRef = 225775011BA57C1900F8DE72 /* CategoryNavigationTests.m */; };
/* End PBXBuildFile section */

/* Begin PBXContainerItemProxy section */
		225774FC1BA57C1900F8DE72 /* PBXContainerItemProxy */ = {
			isa = PBXContainerItemProxy;
			containerPortal = 225774DA1BA57C1900F8DE72 /* Project object */;
			proxyType = 1;
			remoteGlobalIDString = 225774E11BA57C1900F8DE72;
			remoteInfo = CategoryNavigation;
		};
/* End PBXContainerItemProxy section */

/* Begin PBXFileReference section */
		22324BCC1BA57CD000D278A9 /* AppDelegate.h */ = {isa = PBXFileReference; fileEncoding = 4; lastKnownFileType = sourcecode.c.h; path = AppDelegate.h; sourceTree = "<group>"; };
		22324BCD1BA57CD000D278A9 /* AppDelegate.m */ = {isa = PBXFileReference; fileEncoding = 4; lastKnownFileType = sourcecode.c.objc; path = AppDelegate.m; sourceTree = "<group>"; };
		22324BCE1BA57CD000D278A9 /* CategoryViewController.h */ = {isa = PBXFileReference; fileEncoding = 4; lastKnownFileType = sourcecode.c.h; path = CategoryViewController.h; sourceTree = "<group>"; };
		22324BCF1BA57CD000D278A9 /* CategoryViewController.m */ = {isa = PBXFileReference; fileEncoding = 4; lastKnownFileType = sourcecode.c.objc; path = CategoryViewController.m; sourceTree = "<group>"; };
		22324BD21BA57CD000D278A9 /* InstrumentCategory.h */ = {isa = PBXFileReference; fileEncoding = 4; lastKnownFileType = sourcecode.c.h; path = InstrumentCategory.h; sourceTree = "<group>"; };
		22324BD31BA57CD000D278A9 /* InstrumentCategory.m */ = {isa = PBXFileReference; fileEncoding = 4; lastKnownFileType = sourcecode.c.objc; path = InstrumentCategory.m; sourceTree = "<group>"; };
		22324BD41BA57CD000D278A9 /* StackNavigationController.h */ = {isa = PBXFileReference; fileEncoding = 4; lastKnownFileType = sourcecode.c.h; path = StackNavigationController.h; sourceTree = "<group>"; };
		22324BD51BA57CD000D278A9 /* StackNavigationController.m */ = {isa = PBXFileReference; fileEncoding = 4; lastKnownFileType = sourcecode.c.objc; path = StackNavigationController.m; sourceTree = "<group>"; };
		22324BD61BA57CD000D278A9 /* UIViewController+StackNavigationController.h */ = {isa = PBXFileReference; fileEncoding = 4; lastKnownFileType = sourcecode.c.h; path = "UIViewController+StackNavigationController.h"; sourceTree = "<group>"; };
		22324BD71BA57CD000D278A9 /* UIViewController+StackNavigationController.m */ = {isa = PBXFileReference; fileEncoding = 4; lastKnownFileType = sourcecode.c.objc; path = "UIViewController+StackNavigationController.m"; sourceTree = "<group>"; };
		225774E21BA57C1900F8DE72 /* CategoryNavigation.app */ = {isa = PBXFileReference; explicitFileType = wrapper.application; includeInIndex = 0; path = CategoryNavigation.app; sourceTree = BUILT_PRODUCTS_DIR; };
		225774E61BA57C1900F8DE72 /* Info.plist */ = {isa = PBXFileReference; lastKnownFileType = text.plist.xml; path = Info.plist; sourceTree = "<group>"; };
		225774E71BA57C1900F8DE72 /* main.m */ = {isa = PBXFileReference; lastKnownFileType = sourcecode.c.objc; path = main.m; sourceTree = "<group>"; };
		225774F21BA57C1900F8DE72 /* Images.xcassets */ = {isa = PBXFileReference; lastKnownFileType = folder.assetcatalog; path = Images.xcassets; sourceTree = "<group>"; };
		225774F51BA57C1900F8DE72 /* Base */ = {isa = PBXFileReference; lastKnownFileType = file.xib; name = Base; path = Base.lproj/LaunchScreen.xib; sourceTree = "<group>"; };
		225774FB1BA57C1900F8DE72 /* CategoryNavigationTests.xctest */ = {isa = PBXFileReference; explicitFileType = wrapper.cfbundle; includeInIndex = 0; path = CategoryNavigationTests.xctest; sourceTree = BUILT_PRODUCTS_DIR; };
		225775001BA57C1900F8DE72 /* Info.plist */ = {isa = PBXFileReference; lastKnownFileType = text.plist.xml; path = Info.plist; sourceTree = "<group>"; };
		225775011BA57C1900F8DE72 /* CategoryNavigationTests.m */ = {isa = PBXFileReference; lastKnownFileType = sourcecode.c.objc; path = CategoryNavigationTests.m; sourceTree = "<group>"; };
/* End PBXFileReference section */

/* Begin PBXFrameworksBuildPhase section */
		225774DF1BA57C1900F8DE72 /* Frameworks */ = {
			isa = PBXFrameworksBuildPhase;
			buildActionMask = 2147483647;
			files = (
			);
			runOnlyForDeploymentPostprocessing = 0;
		};
		225774F81BA57C1900F8DE72 /* Frameworks */ = {
			isa = PBXFrameworksBuildPhase;
			buildActionMask = 2147483647;
			files = (
			);
			runOnlyForDeploymentPostprocessing = 0;
		};
/* End PBXFrameworksBuildPhase section */

/* Begin PBXGroup section */
		225774D91BA57C1900F8DE72 = {
			isa = PBXGroup;
			children = (
				225774E41BA57C1900F8DE72 /* CategoryNavigation */,
				225774FE1BA57C1900F8DE72 /* CategoryNavigationTests */,
				225774E31BA57C1900F8DE72 /* Products */,
			);
			sourceTree = "<group>";
		};
		225774E31BA57C1900F8DE72 /* Products */ = {
			isa = PBXGroup;
			children = (
				225774E21BA57C1900F8DE72 /* CategoryNavigation.app */,
				225774FB1BA57C1900F8DE72 /* CategoryNavigationTests.xctest */,
			);
			name = Products;
			sourceTree = "<group>";
		};
		225774E41BA57C1900F8DE72 /* CategoryNavigation */ = {
			isa = PBXGroup;
			children = (
				22324BCC1BA57CD000D278A9 /* AppDelegate.h */,
				22324BCD1BA57CD000D278A9 /* AppDelegate.m */,
				22324BCE1BA57CD000D278A9 /* CategoryViewController.h */,
				22324BCF1BA57CD000D278A9 /* CategoryViewController.m */,
				22324BD21BA57CD000D278A9 /* InstrumentCategory.h */,
				22324BD31BA57CD000D278A9 /* InstrumentCategory.m */,
				22324BD41BA57CD000D278A9 /* StackNavigationController.h */,
				22324BD51BA57CD000D278A9 /* StackNavigationController.m */,
				22324BD61BA57CD000D278A9 /* UIViewController+StackNavigationController.h */,
				22324BD71BA57CD000D278A9 /* UIViewController+StackNavigationController.m */,
				225774F21BA57C1900F8DE72 /* Images.xcassets */,
				225774F41BA57C1900F8DE72 /* LaunchScreen.xib */,
				225774E51BA57C1900F8DE72 /* Supporting Files */,
			);
			path = CategoryNavigation;
			sourceTree = "<group>";
		};
		225774E51BA57C1900F8DE72 /* Supporting Files */ = {
			isa = PBXGroup;
			children = (
				225774E61BA57C1900F8DE72 /* Info.plist */,
				225774E71BA57C1900F8DE72 /* main.m */,
			);
			name = "Supporting Files";
			sourceTree = "<group>";
		};
		225774FE1BA57C1900F8DE72 /* CategoryNavigationTests */ = {
			isa = PBXGroup;
			children = (
				225775011BA57C1900F8DE72 /* CategoryNavigationTests.m */,
				225774FF1BA57C1900F8DE72 /* Supporting Files */,
			);
			path = CategoryNavigationTests;
			sourceTree = "<group>";
		};
		225774FF1BA57C1900F8DE72 /* Supporting Files */ = {
			isa = PBXGroup;
			children = (
				225775001BA57C1900F8DE72 /* Info.plist */,
			);
			name = "Supporting Files";
			sourceTree = "<group>";
		};
/* End PBXGroup section */

/* Begin PBXNativeTarget section */
		225774E11BA57C1900F8DE72 /* CategoryNavigation */ = {
			isa = PBXNativeTarget;
			buildConfigurationList = 225775051BA57C1900F8DE72 /* Build configuration list for PBXNativeTarget "CategoryNavigation" */;
			buildPhases = (
				225774DE1BA57C1900F8DE72 /* Sources */,
				225774DF1BA57C1900F8DE72 /* Frameworks */,
				225774E01BA57C1900F8DE72 /* Resources */,
			);
			buildRules = (
			);
			dependencies = (
			);
			name = CategoryNavigation;
			productName = CategoryNavigation;
			productReference = 225774E21BA57C1900F8DE72 /* CategoryNavigation.app */;
			productType = "com.apple.product-type.application";
		};
		225774FA1BA57C1900F8DE72 /* CategoryNavigationTests */ = {
			isa = PBXNativeTarget;
			buildConfigurationList = 225775081BA57C1900F8DE72 /* Build configuration list for PBXNativeTarget "CategoryNavigationTests" */;
			buildPhases = (
				225774F71BA57C1900F8DE72 /* Sources */,
				225774F81BA57C1900F8DE72 /* Frameworks */,
				225774F91BA57C1900F8DE72 /* Resources */,
			);
			buildRules = (
			);
			dependencies = (
				225774FD1BA57C1900F8DE72 /* PBXTargetDependency */,
			);
			name = CategoryNavigationTests;
			productName = CategoryNavigationTests;
			productReference = 225774FB1BA57C1900F8DE72 /* CategoryNavigationTests.xctest */;
			productType = "com.apple.product-type.bundle.unit-test";
		};
/* End PBXNativeTarget section */

/* Begin PBXProject section */
		225774DA1BA57C1900F8DE72 /* Project object */ = {
			isa = PBXProject;
			attributes = {
				LastUpgradeCheck = 0630;
				ORGANIZATIONNAME = "Asya Kononova";
				TargetAttributes = {
					225774E11BA57C1900F8DE72 = {
						CreatedOnToolsVersion = 6.3.1;
					};
					225774FA1BA57C1900F8DE72 = {
						CreatedOnToolsVersion = 6.3.1;
						TestTargetID = 225774E11BA57C1900F8DE72;
					};
				};
			};
			buildConfigurationList = 225774DD1BA57C1900F8DE72 /* Build configuration list for PBXProject "CategoryNavigation" */;
			compatibilityVersion = "Xcode 3.2";
			developmentRegion = English;
			hasScannedForEncodings = 0;
			knownRegions = (
				en,
				Base,
			);
			mainGroup = 225774D91BA57C1900F8DE72;
			productRefGroup = 225774E31BA57C1900F8DE72 /* Products */;
			projectDirPath = "";
			projectRoot = "";
			targets = (
				225774E11BA57C1900F8DE72 /* CategoryNavigation */,
				225774FA1BA57C1900F8DE72 /* CategoryNavigationTests */,
			);
		};
/* End PBXProject section */

/* Begin PBXResourcesBuildPhase section */
		225774E01BA57C1900F8DE72 /* Resources */ = {
			isa = PBXResourcesBuildPhase;
			buildActionMask = 2147483647;
			files = (
				225774F61BA57C1900F8DE72 /* LaunchScreen.xib in Resources */,
				225774F31BA57C1900F8DE72 /* Images.xcassets in Resources */,
			);
			runOnlyForDeploymentPostprocessing = 0;
		};
		225774F91BA57C1900F8DE72 /* Resources */ = {
			isa = PBXResourcesBuildPhase;
			buildActionMask = 2147483647;
			files = (
			);
			runOnlyForDeploymentPostprocessing = 0;
		};
/* End PBXResourcesBuildPhase section */

/* Begin PBXSourcesBuildPhase section */
		225774DE1BA57C1900F8DE72 /* Sources */ = {
			isa = PBXSourcesBuildPhase;
			buildActionMask = 2147483647;
			files = (
				22324BDC1BA57CD000D278A9 /* StackNavigationController.m in Sources */,
				22324BD81BA57CD000D278A9 /* AppDelegate.m in Sources */,
				22324BD91BA57CD000D278A9 /* CategoryViewController.m in Sources */,
				22324BDB1BA57CD000D278A9 /* InstrumentCategory.m in Sources */,
				225774E81BA57C1900F8DE72 /* main.m in Sources */,
				22324BDD1BA57CD000D278A9 /* UIViewController+StackNavigationController.m in Sources */,
			);
			runOnlyForDeploymentPostprocessing = 0;
		};
		225774F71BA57C1900F8DE72 /* Sources */ = {
			isa = PBXSourcesBuildPhase;
			buildActionMask = 2147483647;
			files = (
				225775021BA57C1900F8DE72 /* CategoryNavigationTests.m in Sources */,
			);
			runOnlyForDeploymentPostprocessing = 0;
		};
/* End PBXSourcesBuildPhase section */

/* Begin PBXTargetDependency section */
		225774FD1BA57C1900F8DE72 /* PBXTargetDependency */ = {
			isa = PBXTargetDependency;
			target = 225774E11BA57C1900F8DE72 /* CategoryNavigation */;
			targetProxy = 225774FC1BA57C1900F8DE72 /* PBXContainerItemProxy */;
		};
/* End PBXTargetDependency section */

/* Begin PBXVariantGroup section */
		225774F41BA57C1900F8DE72 /* LaunchScreen.xib */ = {
			isa = PBXVariantGroup;
			children = (
				225774F51BA57C1900F8DE72 /* Base */,
			);
			name = LaunchScreen.xib;
			sourceTree = "<group>";
		};
/* End PBXVariantGroup section */

/* Begin XCBuildConfiguration section */
		225775031BA57C1900F8DE72 /* Debug */ = {
			isa = XCBuildConfiguration;
			buildSettings = {
				ALWAYS_SEARCH_USER_PATHS = NO;
				CLANG_CXX_LANGUAGE_STANDARD = "gnu++0x";
				CLANG_CXX_LIBRARY = "libc++";
				CLANG_ENABLE_MODULES = YES;
				CLANG_ENABLE_OBJC_ARC = YES;
				CLANG_WARN_BOOL_CONVERSION = YES;
				CLANG_WARN_CONSTANT_CONVERSION = YES;
				CLANG_WARN_DIRECT_OBJC_ISA_USAGE = YES_ERROR;
				CLANG_WARN_EMPTY_BODY = YES;
				CLANG_WARN_ENUM_CONVERSION = YES;
				CLANG_WARN_INT_CONVERSION = YES;
				CLANG_WARN_OBJC_ROOT_CLASS = YES_ERROR;
				CLANG_WARN_UNREACHABLE_CODE = YES;
				CLANG_WARN__DUPLICATE_METHOD_MATCH = YES;
				"CODE_SIGN_IDENTITY[sdk=iphoneos*]" = "iPhone Developer";
				COPY_PHASE_STRIP = NO;
				DEBUG_INFORMATION_FORMAT = "dwarf-with-dsym";
				ENABLE_STRICT_OBJC_MSGSEND = YES;
				GCC_C_LANGUAGE_STANDARD = gnu99;
				GCC_DYNAMIC_NO_PIC = NO;
				GCC_NO_COMMON_BLOCKS = YES;
				GCC_OPTIMIZATION_LEVEL = 0;
				GCC_PREPROCESSOR_DEFINITIONS = (
					"DEBUG=1",
					"$(inherited)",
				);
				GCC_SYMBOLS_PRIVATE_EXTERN = NO;
				GCC_WARN_64_TO_32_BIT_CONVERSION = YES;
				GCC_WARN_ABOUT_RETURN_TYPE = YES_ERROR;
				GCC_WARN_UNDECLARED_SELECTOR = YES;
				GCC_WARN_UNINITIALIZED_AUTOS = YES_AGGRESSIVE;
				GCC_WARN_UNUSED_FUNCTION = YES;
				GCC_WARN_UNUSED_VARIABLE = YES;
				IPHONEOS_DEPLOYMENT_TARGET = 8.3;
				MTL_ENABLE_DEBUG_INFO = YES;
				ONLY_ACTIVE_ARCH = YES;
				SDKROOT = iphoneos;
			};
			name = Debug;
		};
		225775041BA57C1900F8DE72 /* Release */ = {
			isa = XCBuildConfiguration;
			buildSettings = {
				ALWAYS_SEARCH_USER_PATHS = NO;
				CLANG_CXX_LANGUAGE_STANDARD = "gnu++0x";
				CLANG_CXX_LIBRARY = "libc++";
				CLANG_ENABLE_MODULES = YES;
				CLANG_ENABLE_OBJC_ARC = YES;
				CLANG_WARN_BOOL_CONVERSION = YES;
				CLANG_WARN_CONSTANT_CONVERSION = YES;
				CLANG_WARN_DIRECT_OBJC_ISA_USAGE = YES_ERROR;
				CLANG_WARN_EMPTY_BODY = YES;
				CLANG_WARN_ENUM_CONVERSION = YES;
				CLANG_WARN_INT_CONVERSION = YES;
				CLANG_WARN_OBJC_ROOT_CLASS = YES_ERROR;
				CLANG_WARN_UNREACHABLE_CODE = YES;
				CLANG_WARN__DUPLICATE_METHOD_MATCH = YES;
				"CODE_SIGN_IDENTITY[sdk=iphoneos*]" = "iPhone Developer";
				COPY_PHASE_STRIP = NO;
				DEBUG_INFORMATION_FORMAT = "dwarf-with-dsym";
				ENABLE_NS_ASSERTIONS = NO;
				ENABLE_STRICT_OBJC_MSGSEND = YES;
				GCC_C_LANGUAGE_STANDARD = gnu99;
				GCC_NO_COMMON_BLOCKS = YES;
				GCC_WARN_64_TO_32_BIT_CONVERSION = YES;
				GCC_WARN_ABOUT_RETURN_TYPE = YES_ERROR;
				GCC_WARN_UNDECLARED_SELECTOR = YES;
				GCC_WARN_UNINITIALIZED_AUTOS = YES_AGGRESSIVE;
				GCC_WARN_UNUSED_FUNCTION = YES;
				GCC_WARN_UNUSED_VARIABLE = YES;
				IPHONEOS_DEPLOYMENT_TARGET = 8.3;
				MTL_ENABLE_DEBUG_INFO = NO;
				SDKROOT = iphoneos;
				VALIDATE_PRODUCT = YES;
			};
			name = Release;
		};
		225775061BA57C1900F8DE72 /* Debug */ = {
			isa = XCBuildConfiguration;
			buildSettings = {
				ASSETCATALOG_COMPILER_APPICON_NAME = AppIcon;
				INFOPLIST_FILE = CategoryNavigation/Info.plist;
				LD_RUNPATH_SEARCH_PATHS = "$(inherited) @executable_path/Frameworks";
				PRODUCT_NAME = "$(TARGET_NAME)";
			};
			name = Debug;
		};
		225775071BA57C1900F8DE72 /* Release */ = {
			isa = XCBuildConfiguration;
			buildSettings = {
				ASSETCATALOG_COMPILER_APPICON_NAME = AppIcon;
				INFOPLIST_FILE = CategoryNavigation/Info.plist;
				LD_RUNPATH_SEARCH_PATHS = "$(inherited) @executable_path/Frameworks";
				PRODUCT_NAME = "$(TARGET_NAME)";
			};
			name = Release;
		};
		225775091BA57C1900F8DE72 /* Debug */ = {
			isa = XCBuildConfiguration;
			buildSettings = {
				BUNDLE_LOADER = "$(TEST_HOST)";
				FRAMEWORK_SEARCH_PATHS = (
					"$(SDKROOT)/Developer/Library/Frameworks",
					"$(inherited)",
				);
				GCC_PREPROCESSOR_DEFINITIONS = (
					"DEBUG=1",
					"$(inherited)",
				);
				INFOPLIST_FILE = CategoryNavigationTests/Info.plist;
				LD_RUNPATH_SEARCH_PATHS = "$(inherited) @executable_path/Frameworks @loader_path/Frameworks";
				PRODUCT_NAME = "$(TARGET_NAME)";
				TEST_HOST = "$(BUILT_PRODUCTS_DIR)/CategoryNavigation.app/CategoryNavigation";
			};
			name = Debug;
		};
		2257750A1BA57C1900F8DE72 /* Release */ = {
			isa = XCBuildConfiguration;
			buildSettings = {
				BUNDLE_LOADER = "$(TEST_HOST)";
				FRAMEWORK_SEARCH_PATHS = (
					"$(SDKROOT)/Developer/Library/Frameworks",
					"$(inherited)",
				);
				INFOPLIST_FILE = CategoryNavigationTests/Info.plist;
				LD_RUNPATH_SEARCH_PATHS = "$(inherited) @executable_path/Frameworks @loader_path/Frameworks";
				PRODUCT_NAME = "$(TARGET_NAME)";
				TEST_HOST = "$(BUILT_PRODUCTS_DIR)/CategoryNavigation.app/CategoryNavigation";
			};
			name = Release;
		};
/* End XCBuildConfiguration section */

/* Begin XCConfigurationList section */
		225774DD1BA57C1900F8DE72 /* Build configuration list for PBXProject "CategoryNavigation" */ = {
			isa = XCConfigurationList;
			buildConfigurations = (
				225775031BA57C1900F8DE72 /* Debug */,
				225775041BA57C1900F8DE72 /* Release */,
			);
			defaultConfigurationIsVisible = 0;
			defaultConfigurationName = Release;
		};
		225775051BA57C1900F8DE72 /* Build configuration list for PBXNativeTarget "CategoryNavigation" */ = {
			isa = XCConfigurationList;
			buildConfigurations = (
				225775061BA57C1900F8DE72 /* Debug */,
				225775071BA57C1900F8DE72 /* Release */,
			);
			defaultConfigurationIsVisible = 0;
			defaultConfigurationName = Release;
		};
		225775081BA57C1900F8DE72 /* Build configuration list for PBXNativeTarget "CategoryNavigationTests" */ = {
			isa = XCConfigurationList;
			buildConfigurations = (
				225775091BA57C1900F8DE72 /* Debug */,
				2257750A1BA57C1900F8DE72 /* Release */,
			);
			defaultConfigurationIsVisible = 0;
			defaultConfigurationName = Release;
		};
/* End XCConfigurationList section */
	};
	rootObject = 225774DA1BA57C1900F8DE72 /* Project object */;
}
